
Microsoft Visual Studio Solution File, Format Version 12.00
# Visual Studio Version 17
VisualStudioVersion = 17.11.35222.181
MinimumVisualStudioVersion = 10.0.40219.1
Project("{FAE04EC0-301F-11D3-BF4B-00C04F79EFBC}") = "growAcheat", "growAcheat.csproj", "{DBB2029B-D4FF-4D71-961B-7532267D2654}"
EndProject
Global
	GlobalSection(SolutionConfigurationPlatforms) = preSolution
		Debug|Any CPU = Debug|Any CPU
		Release|Any CPU = Release|Any CPU
	EndGlobalSection
	GlobalSection(ProjectConfigurationPlatforms) = postSolution
		{DBB2029B-D4FF-4D71-961B-7532267D2654}.Debug|Any CPU.ActiveCfg = Debug|Any CPU
		{DBB2029B-D4FF-4D71-961B-7532267D2654}.Debug|Any CPU.Build.0 = Debug|Any CPU
		{DBB2029B-D4FF-4D71-961B-7532267D2654}.Release|Any CPU.ActiveCfg = Release|Any CPU
		{DBB2029B-D4FF-4D71-961B-7532267D2654}.Release|Any CPU.Build.0 = Release|Any CPU
	EndGlobalSection
	GlobalSection(SolutionProperties) = preSolution
		HideSolutionNode = FALSE
	EndGlobalSection
	GlobalSection(ExtensibilityGlobals) = postSolution
		SolutionGuid = {9667640A-81AC-4540-BFA0-7E466D2DA9E4}
	EndGlobalSection
EndGlobal
